{
  "name": "RB0120Desktop",
  "lockfileVersion": 3,
  "requires": true,
  "packages": {
    "": {
      "dependencies": {
        "rpa-web-ui": "file:../rpa-web-ui"
      }
    },
    "../rpa-web-ui": {
      "version": "1.0.0",
      "license": "MIT",
      "dependencies": {
        "@imengyu/vue3-context-menu": "^1.5.2",
        "@vueuse/core": "^10.7.0"
      },
      "devDependencies": {
        "@types/node": "^20.10.6",
        "@vitejs/plugin-vue": "^6.0.3",
        "eslint": "^9.39.2",
        "pinia": "^3.0.4",
        "terser": "^5.44.1",
        "typescript": "^5.3.3",
        "vite": "^7.3.0",
        "vite-plugin-dts": "^4.5.4",
        "vue": "^3.5.13",
        "vue-tsc": "^3.1.8"
      },
      "peerDependencies": {
        "pinia": "^3.0.0",
        "vue": "^3.3.0"
      }
    },
    "node_modules/rpa-web-ui": {
      "resolved": "../rpa-web-ui",
      "link": true
    }
  }
}
